// !$*UTF8*$!
{
	archiveVersion = 1;
	classes = {
	};
	objectVersion = 50;
	objects = {

/* Begin PBXBuildFile section */
		7FAB116723FABBB70075FD58 /* AppDelegate.swift in Sources */ = {isa = PBXBuildFile; fileRef = 7FAB116623FABBB70075FD58 /* AppDelegate.swift */; };
		7FAB116923FABBB70075FD58 /* SceneDelegate.swift in Sources */ = {isa = PBXBuildFile; fileRef = 7FAB116823FABBB70075FD58 /* SceneDelegate.swift */; };
		7FAB117023FABBB90075FD58 /* Assets.xcassets in Resources */ = {isa = PBXBuildFile; fileRef = 7FAB116F23FABBB90075FD58 /* Assets.xcassets */; };
		7FAB117323FABBB90075FD58 /* LaunchScreen.storyboard in Resources */ = {isa = PBXBuildFile; fileRef = 7FAB117123FABBB90075FD58 /* LaunchScreen.storyboard */; };
		7FAB117B23FABD540075FD58 /* SearchFollowerVC.swift in Sources */ = {isa = PBXBuildFile; fileRef = 7FAB117A23FABD540075FD58 /* SearchFollowerVC.swift */; };
		7FAB117D23FABD910075FD58 /* FavoriteVC.swift in Sources */ = {isa = PBXBuildFile; fileRef = 7FAB117C23FABD910075FD58 /* FavoriteVC.swift */; };
		7FAB118623FAC4F50075FD58 /* QTTitleLabel.swift in Sources */ = {isa = PBXBuildFile; fileRef = 7FAB118523FAC4F50075FD58 /* QTTitleLabel.swift */; };
		7FAB118823FAC8A60075FD58 /* QTBodyLabel.swift in Sources */ = {isa = PBXBuildFile; fileRef = 7FAB118723FAC8A60075FD58 /* QTBodyLabel.swift */; };
		7FAB118B23FACA930075FD58 /* QTButton.swift in Sources */ = {isa = PBXBuildFile; fileRef = 7FAB118A23FACA930075FD58 /* QTButton.swift */; };
		7FAB118E23FACBA20075FD58 /* QTTextField.swift in Sources */ = {isa = PBXBuildFile; fileRef = 7FAB118D23FACBA20075FD58 /* QTTextField.swift */; };
		7FAB119023FB8D7F0075FD58 /* FollowerCollectionListVC.swift in Sources */ = {isa = PBXBuildFile; fileRef = 7FAB118F23FB8D7F0075FD58 /* FollowerCollectionListVC.swift */; };
		7FAB119323FB8F930075FD58 /* UIViewController+Ext.swift in Sources */ = {isa = PBXBuildFile; fileRef = 7FAB119223FB8F930075FD58 /* UIViewController+Ext.swift */; };
		7FAB119723FB90ED0075FD58 /* QTAlertVC.swift in Sources */ = {isa = PBXBuildFile; fileRef = 7FAB119623FB90ED0075FD58 /* QTAlertVC.swift */; };
		7FAB119A23FBA0540075FD58 /* Follower.swift in Sources */ = {isa = PBXBuildFile; fileRef = 7FAB119923FBA0540075FD58 /* Follower.swift */; };
		7FAB119C23FBAA870075FD58 /* NetworkManager.swift in Sources */ = {isa = PBXBuildFile; fileRef = 7FAB119B23FBAA870075FD58 /* NetworkManager.swift */; };
		7FAB119F23FBAC890075FD58 /* QTError.swift in Sources */ = {isa = PBXBuildFile; fileRef = 7FAB119E23FBAC890075FD58 /* QTError.swift */; };
		7FAB11A423FBCA7F0075FD58 /* QTFollowerCell.swift in Sources */ = {isa = PBXBuildFile; fileRef = 7FAB11A323FBCA7F0075FD58 /* QTFollowerCell.swift */; };
		7FAB11A623FBCB7B0075FD58 /* QTAvatarImageView.swift in Sources */ = {isa = PBXBuildFile; fileRef = 7FAB11A523FBCB7B0075FD58 /* QTAvatarImageView.swift */; };
/* End PBXBuildFile section */

/* Begin PBXFileReference section */
		7FAB116323FABBB70075FD58 /* QiitaCommunication.app */ = {isa = PBXFileReference; explicitFileType = wrapper.application; includeInIndex = 0; path = QiitaCommunication.app; sourceTree = BUILT_PRODUCTS_DIR; };
		7FAB116623FABBB70075FD58 /* AppDelegate.swift */ = {isa = PBXFileReference; lastKnownFileType = sourcecode.swift; path = AppDelegate.swift; sourceTree = "<group>"; };
		7FAB116823FABBB70075FD58 /* SceneDelegate.swift */ = {isa = PBXFileReference; lastKnownFileType = sourcecode.swift; path = SceneDelegate.swift; sourceTree = "<group>"; };
		7FAB116F23FABBB90075FD58 /* Assets.xcassets */ = {isa = PBXFileReference; lastKnownFileType = folder.assetcatalog; path = Assets.xcassets; sourceTree = "<group>"; };
		7FAB117223FABBB90075FD58 /* Base */ = {isa = PBXFileReference; lastKnownFileType = file.storyboard; name = Base; path = Base.lproj/LaunchScreen.storyboard; sourceTree = "<group>"; };
		7FAB117423FABBB90075FD58 /* Info.plist */ = {isa = PBXFileReference; lastKnownFileType = text.plist.xml; path = Info.plist; sourceTree = "<group>"; };
		7FAB117A23FABD540075FD58 /* SearchFollowerVC.swift */ = {isa = PBXFileReference; lastKnownFileType = sourcecode.swift; path = SearchFollowerVC.swift; sourceTree = "<group>"; };
		7FAB117C23FABD910075FD58 /* FavoriteVC.swift */ = {isa = PBXFileReference; lastKnownFileType = sourcecode.swift; path = FavoriteVC.swift; sourceTree = "<group>"; };
		7FAB118523FAC4F50075FD58 /* QTTitleLabel.swift */ = {isa = PBXFileReference; lastKnownFileType = sourcecode.swift; path = QTTitleLabel.swift; sourceTree = "<group>"; };
		7FAB118723FAC8A60075FD58 /* QTBodyLabel.swift */ = {isa = PBXFileReference; lastKnownFileType = sourcecode.swift; path = QTBodyLabel.swift; sourceTree = "<group>"; };
		7FAB118A23FACA930075FD58 /* QTButton.swift */ = {isa = PBXFileReference; lastKnownFileType = sourcecode.swift; path = QTButton.swift; sourceTree = "<group>"; };
		7FAB118D23FACBA20075FD58 /* QTTextField.swift */ = {isa = PBXFileReference; lastKnownFileType = sourcecode.swift; path = QTTextField.swift; sourceTree = "<group>"; };
		7FAB118F23FB8D7F0075FD58 /* FollowerCollectionListVC.swift */ = {isa = PBXFileReference; lastKnownFileType = sourcecode.swift; path = FollowerCollectionListVC.swift; sourceTree = "<group>"; };
		7FAB119223FB8F930075FD58 /* UIViewController+Ext.swift */ = {isa = PBXFileReference; lastKnownFileType = sourcecode.swift; path = "UIViewController+Ext.swift"; sourceTree = "<group>"; };
		7FAB119623FB90ED0075FD58 /* QTAlertVC.swift */ = {isa = PBXFileReference; lastKnownFileType = sourcecode.swift; path = QTAlertVC.swift; sourceTree = "<group>"; };
		7FAB119923FBA0540075FD58 /* Follower.swift */ = {isa = PBXFileReference; lastKnownFileType = sourcecode.swift; path = Follower.swift; sourceTree = "<group>"; };
		7FAB119B23FBAA870075FD58 /* NetworkManager.swift */ = {isa = PBXFileReference; lastKnownFileType = sourcecode.swift; path = NetworkManager.swift; sourceTree = "<group>"; };
		7FAB119E23FBAC890075FD58 /* QTError.swift */ = {isa = PBXFileReference; lastKnownFileType = sourcecode.swift; path = QTError.swift; sourceTree = "<group>"; };
		7FAB11A323FBCA7F0075FD58 /* QTFollowerCell.swift */ = {isa = PBXFileReference; lastKnownFileType = sourcecode.swift; path = QTFollowerCell.swift; sourceTree = "<group>"; };
		7FAB11A523FBCB7B0075FD58 /* QTAvatarImageView.swift */ = {isa = PBXFileReference; lastKnownFileType = sourcecode.swift; path = QTAvatarImageView.swift; sourceTree = "<group>"; };
/* End PBXFileReference section */

/* Begin PBXFrameworksBuildPhase section */
		7FAB116023FABBB70075FD58 /* Frameworks */ = {
			isa = PBXFrameworksBuildPhase;
			buildActionMask = 2147483647;
			files = (
			);
			runOnlyForDeploymentPostprocessing = 0;
		};
/* End PBXFrameworksBuildPhase section */

/* Begin PBXGroup section */
		7FAB115A23FABBB70075FD58 = {
			isa = PBXGroup;
			children = (
				7FAB116523FABBB70075FD58 /* QiitaCommunication */,
				7FAB116423FABBB70075FD58 /* Products */,
			);
			sourceTree = "<group>";
		};
		7FAB116423FABBB70075FD58 /* Products */ = {
			isa = PBXGroup;
			children = (
				7FAB116323FABBB70075FD58 /* QiitaCommunication.app */,
			);
			name = Products;
			sourceTree = "<group>";
		};
		7FAB116523FABBB70075FD58 /* QiitaCommunication */ = {
			isa = PBXGroup;
			children = (
				7FAB119D23FBAAB70075FD58 /*  Network */,
				7FAB119823FB9FD70075FD58 /* Model */,
				7FAB119123FB8F6F0075FD58 /* Extensions */,
				7FAB117E23FAC29B0075FD58 /* Screen */,
				7FAB117F23FAC2B80075FD58 /* UIParts */,
				7FAB118123FAC2F90075FD58 /* Support */,
				7FAB117423FABBB90075FD58 /* Info.plist */,
			);
			path = QiitaCommunication;
			sourceTree = "<group>";
		};
		7FAB117E23FAC29B0075FD58 /* Screen */ = {
			isa = PBXGroup;
			children = (
				7FAB117A23FABD540075FD58 /* SearchFollowerVC.swift */,
				7FAB118F23FB8D7F0075FD58 /* FollowerCollectionListVC.swift */,
				7FAB117C23FABD910075FD58 /* FavoriteVC.swift */,
			);
			path = Screen;
			sourceTree = "<group>";
		};
		7FAB117F23FAC2B80075FD58 /* UIParts */ = {
			isa = PBXGroup;
			children = (
				7FAB11A223FBCA490075FD58 /* Cells */,
				7FAB119423FB90BE0075FD58 /* Alert */,
				7FAB118C23FACB870075FD58 /* TextFields */,
				7FAB118923FACA7F0075FD58 /* Button */,
				7FAB118423FAC47C0075FD58 /* Labels */,
				7FAB118023FAC2DC0075FD58 /* ImageViews */,
			);
			path = UIParts;
			sourceTree = "<group>";
		};
		7FAB118023FAC2DC0075FD58 /* ImageViews */ = {
			isa = PBXGroup;
			children = (
				7FAB11A523FBCB7B0075FD58 /* QTAvatarImageView.swift */,
			);
			path = ImageViews;
			sourceTree = "<group>";
		};
		7FAB118123FAC2F90075FD58 /* Support */ = {
			isa = PBXGroup;
			children = (
				7FAB117123FABBB90075FD58 /* LaunchScreen.storyboard */,
				7FAB116F23FABBB90075FD58 /* Assets.xcassets */,
				7FAB116823FABBB70075FD58 /* SceneDelegate.swift */,
				7FAB116623FABBB70075FD58 /* AppDelegate.swift */,
			);
			path = Support;
			sourceTree = "<group>";
		};
		7FAB118423FAC47C0075FD58 /* Labels */ = {
			isa = PBXGroup;
			children = (
				7FAB118523FAC4F50075FD58 /* QTTitleLabel.swift */,
				7FAB118723FAC8A60075FD58 /* QTBodyLabel.swift */,
			);
			path = Labels;
			sourceTree = "<group>";
		};
		7FAB118923FACA7F0075FD58 /* Button */ = {
			isa = PBXGroup;
			children = (
				7FAB118A23FACA930075FD58 /* QTButton.swift */,
			);
			path = Button;
			sourceTree = "<group>";
		};
		7FAB118C23FACB870075FD58 /* TextFields */ = {
			isa = PBXGroup;
			children = (
				7FAB118D23FACBA20075FD58 /* QTTextField.swift */,
			);
			path = TextFields;
			sourceTree = "<group>";
		};
		7FAB119123FB8F6F0075FD58 /* Extensions */ = {
			isa = PBXGroup;
			children = (
				7FAB119223FB8F930075FD58 /* UIViewController+Ext.swift */,
			);
			path = Extensions;
			sourceTree = "<group>";
		};
		7FAB119423FB90BE0075FD58 /* Alert */ = {
			isa = PBXGroup;
			children = (
				7FAB119623FB90ED0075FD58 /* QTAlertVC.swift */,
			);
			path = Alert;
			sourceTree = "<group>";
		};
		7FAB119823FB9FD70075FD58 /* Model */ = {
			isa = PBXGroup;
			children = (
				7FAB119923FBA0540075FD58 /* Follower.swift */,
			);
			path = Model;
			sourceTree = "<group>";
		};
		7FAB119D23FBAAB70075FD58 /*  Network */ = {
			isa = PBXGroup;
			children = (
				7FAB119B23FBAA870075FD58 /* NetworkManager.swift */,
				7FAB119E23FBAC890075FD58 /* QTError.swift */,
			);
			path = " Network";
			sourceTree = "<group>";
		};
		7FAB11A223FBCA490075FD58 /* Cells */ = {
			isa = PBXGroup;
			children = (
				7FAB11A323FBCA7F0075FD58 /* QTFollowerCell.swift */,
			);
			path = Cells;
			sourceTree = "<group>";
		};
/* End PBXGroup section */

/* Begin PBXNativeTarget section */
		7FAB116223FABBB70075FD58 /* QiitaCommunication */ = {
			isa = PBXNativeTarget;
			buildConfigurationList = 7FAB117723FABBB90075FD58 /* Build configuration list for PBXNativeTarget "QiitaCommunication" */;
			buildPhases = (
				7FAB115F23FABBB70075FD58 /* Sources */,
				7FAB116023FABBB70075FD58 /* Frameworks */,
				7FAB116123FABBB70075FD58 /* Resources */,
			);
			buildRules = (
			);
			dependencies = (
			);
			name = QiitaCommunication;
			productName = QiitaCommunication;
			productReference = 7FAB116323FABBB70075FD58 /* QiitaCommunication.app */;
			productType = "com.apple.product-type.application";
		};
/* End PBXNativeTarget section */

/* Begin PBXProject section */
		7FAB115B23FABBB70075FD58 /* Project object */ = {
			isa = PBXProject;
			attributes = {
				LastSwiftUpdateCheck = 1130;
				LastUpgradeCheck = 1130;
				ORGANIZATIONNAME = Hiroki;
				TargetAttributes = {
					7FAB116223FABBB70075FD58 = {
						CreatedOnToolsVersion = 11.3.1;
					};
				};
			};
			buildConfigurationList = 7FAB115E23FABBB70075FD58 /* Build configuration list for PBXProject "QiitaCommunication" */;
			compatibilityVersion = "Xcode 9.3";
			developmentRegion = en;
			hasScannedForEncodings = 0;
			knownRegions = (
				en,
				Base,
			);
			mainGroup = 7FAB115A23FABBB70075FD58;
			productRefGroup = 7FAB116423FABBB70075FD58 /* Products */;
			projectDirPath = "";
			projectRoot = "";
			targets = (
				7FAB116223FABBB70075FD58 /* QiitaCommunication */,
			);
		};
/* End PBXProject section */

/* Begin PBXResourcesBuildPhase section */
		7FAB116123FABBB70075FD58 /* Resources */ = {
			isa = PBXResourcesBuildPhase;
			buildActionMask = 2147483647;
			files = (
				7FAB117323FABBB90075FD58 /* LaunchScreen.storyboard in Resources */,
				7FAB117023FABBB90075FD58 /* Assets.xcassets in Resources */,
			);
			runOnlyForDeploymentPostprocessing = 0;
		};
/* End PBXResourcesBuildPhase section */

/* Begin PBXSourcesBuildPhase section */
		7FAB115F23FABBB70075FD58 /* Sources */ = {
			isa = PBXSourcesBuildPhase;
			buildActionMask = 2147483647;
			files = (
				7FAB119723FB90ED0075FD58 /* QTAlertVC.swift in Sources */,
				7FAB116723FABBB70075FD58 /* AppDelegate.swift in Sources */,
				7FAB11A423FBCA7F0075FD58 /* QTFollowerCell.swift in Sources */,
				7FAB117B23FABD540075FD58 /* SearchFollowerVC.swift in Sources */,
				7FAB11A623FBCB7B0075FD58 /* QTAvatarImageView.swift in Sources */,
				7FAB119C23FBAA870075FD58 /* NetworkManager.swift in Sources */,
				7FAB119323FB8F930075FD58 /* UIViewController+Ext.swift in Sources */,
				7FAB118E23FACBA20075FD58 /* QTTextField.swift in Sources */,
				7FAB118623FAC4F50075FD58 /* QTTitleLabel.swift in Sources */,
				7FAB119023FB8D7F0075FD58 /* FollowerCollectionListVC.swift in Sources */,
				7FAB119F23FBAC890075FD58 /* QTError.swift in Sources */,
				7FAB119A23FBA0540075FD58 /* Follower.swift in Sources */,
				7FAB116923FABBB70075FD58 /* SceneDelegate.swift in Sources */,
				7FAB117D23FABD910075FD58 /* FavoriteVC.swift in Sources */,
				7FAB118823FAC8A60075FD58 /* QTBodyLabel.swift in Sources */,
				7FAB118B23FACA930075FD58 /* QTButton.swift in Sources */,
			);
			runOnlyForDeploymentPostprocessing = 0;
		};
/* End PBXSourcesBuildPhase section */

/* Begin PBXVariantGroup section */
		7FAB117123FABBB90075FD58 /* LaunchScreen.storyboard */ = {
			isa = PBXVariantGroup;
			children = (
				7FAB117223FABBB90075FD58 /* Base */,
			);
			name = LaunchScreen.storyboard;
			sourceTree = "<group>";
		};
/* End PBXVariantGroup section */

/* Begin XCBuildConfiguration section */
		7FAB117523FABBB90075FD58 /* Debug */ = {
			isa = XCBuildConfiguration;
			buildSettings = {
				ALWAYS_SEARCH_USER_PATHS = NO;
				CLANG_ANALYZER_NONNULL = YES;
				CLANG_ANALYZER_NUMBER_OBJECT_CONVERSION = YES_AGGRESSIVE;
				CLANG_CXX_LANGUAGE_STANDARD = "gnu++14";
				CLANG_CXX_LIBRARY = "libc++";
				CLANG_ENABLE_MODULES = YES;
				CLANG_ENABLE_OBJC_ARC = YES;
				CLANG_ENABLE_OBJC_WEAK = YES;
				CLANG_WARN_BLOCK_CAPTURE_AUTORELEASING = YES;
				CLANG_WARN_BOOL_CONVERSION = YES;
				CLANG_WARN_COMMA = YES;
				CLANG_WARN_CONSTANT_CONVERSION = YES;
				CLANG_WARN_DEPRECATED_OBJC_IMPLEMENTATIONS = YES;
				CLANG_WARN_DIRECT_OBJC_ISA_USAGE = YES_ERROR;
				CLANG_WARN_DOCUMENTATION_COMMENTS = YES;
				CLANG_WARN_EMPTY_BODY = YES;
				CLANG_WARN_ENUM_CONVERSION = YES;
				CLANG_WARN_INFINITE_RECURSION = YES;
				CLANG_WARN_INT_CONVERSION = YES;
				CLANG_WARN_NON_LITERAL_NULL_CONVERSION = YES;
				CLANG_WARN_OBJC_IMPLICIT_RETAIN_SELF = YES;
				CLANG_WARN_OBJC_LITERAL_CONVERSION = YES;
				CLANG_WARN_OBJC_ROOT_CLASS = YES_ERROR;
				CLANG_WARN_RANGE_LOOP_ANALYSIS = YES;
				CLANG_WARN_STRICT_PROTOTYPES = YES;
				CLANG_WARN_SUSPICIOUS_MOVE = YES;
				CLANG_WARN_UNGUARDED_AVAILABILITY = YES_AGGRESSIVE;
				CLANG_WARN_UNREACHABLE_CODE = YES;
				CLANG_WARN__DUPLICATE_METHOD_MATCH = YES;
				COPY_PHASE_STRIP = NO;
				DEBUG_INFORMATION_FORMAT = dwarf;
				ENABLE_STRICT_OBJC_MSGSEND = YES;
				ENABLE_TESTABILITY = YES;
				GCC_C_LANGUAGE_STANDARD = gnu11;
				GCC_DYNAMIC_NO_PIC = NO;
				GCC_NO_COMMON_BLOCKS = YES;
				GCC_OPTIMIZATION_LEVEL = 0;
				GCC_PREPROCESSOR_DEFINITIONS = (
					"DEBUG=1",
					"$(inherited)",
				);
				GCC_WARN_64_TO_32_BIT_CONVERSION = YES;
				GCC_WARN_ABOUT_RETURN_TYPE = YES_ERROR;
				GCC_WARN_UNDECLARED_SELECTOR = YES;
				GCC_WARN_UNINITIALIZED_AUTOS = YES_AGGRESSIVE;
				GCC_WARN_UNUSED_FUNCTION = YES;
				GCC_WARN_UNUSED_VARIABLE = YES;
				IPHONEOS_DEPLOYMENT_TARGET = 13.2;
				MTL_ENABLE_DEBUG_INFO = INCLUDE_SOURCE;
				MTL_FAST_MATH = YES;
				ONLY_ACTIVE_ARCH = YES;
				SDKROOT = iphoneos;
				SWIFT_ACTIVE_COMPILATION_CONDITIONS = DEBUG;
				SWIFT_OPTIMIZATION_LEVEL = "-Onone";
			};
			name = Debug;
		};
		7FAB117623FABBB90075FD58 /* Release */ = {
			isa = XCBuildConfiguration;
			buildSettings = {
				ALWAYS_SEARCH_USER_PATHS = NO;
				CLANG_ANALYZER_NONNULL = YES;
				CLANG_ANALYZER_NUMBER_OBJECT_CONVERSION = YES_AGGRESSIVE;
				CLANG_CXX_LANGUAGE_STANDARD = "gnu++14";
				CLANG_CXX_LIBRARY = "libc++";
				CLANG_ENABLE_MODULES = YES;
				CLANG_ENABLE_OBJC_ARC = YES;
				CLANG_ENABLE_OBJC_WEAK = YES;
				CLANG_WARN_BLOCK_CAPTURE_AUTORELEASING = YES;
				CLANG_WARN_BOOL_CONVERSION = YES;
				CLANG_WARN_COMMA = YES;
				CLANG_WARN_CONSTANT_CONVERSION = YES;
				CLANG_WARN_DEPRECATED_OBJC_IMPLEMENTATIONS = YES;
				CLANG_WARN_DIRECT_OBJC_ISA_USAGE = YES_ERROR;
				CLANG_WARN_DOCUMENTATION_COMMENTS = YES;
				CLANG_WARN_EMPTY_BODY = YES;
				CLANG_WARN_ENUM_CONVERSION = YES;
				CLANG_WARN_INFINITE_RECURSION = YES;
				CLANG_WARN_INT_CONVERSION = YES;
				CLANG_WARN_NON_LITERAL_NULL_CONVERSION = YES;
				CLANG_WARN_OBJC_IMPLICIT_RETAIN_SELF = YES;
				CLANG_WARN_OBJC_LITERAL_CONVERSION = YES;
				CLANG_WARN_OBJC_ROOT_CLASS = YES_ERROR;
				CLANG_WARN_RANGE_LOOP_ANALYSIS = YES;
				CLANG_WARN_STRICT_PROTOTYPES = YES;
				CLANG_WARN_SUSPICIOUS_MOVE = YES;
				CLANG_WARN_UNGUARDED_AVAILABILITY = YES_AGGRESSIVE;
				CLANG_WARN_UNREACHABLE_CODE = YES;
				CLANG_WARN__DUPLICATE_METHOD_MATCH = YES;
				COPY_PHASE_STRIP = NO;
				DEBUG_INFORMATION_FORMAT = "dwarf-with-dsym";
				ENABLE_NS_ASSERTIONS = NO;
				ENABLE_STRICT_OBJC_MSGSEND = YES;
				GCC_C_LANGUAGE_STANDARD = gnu11;
				GCC_NO_COMMON_BLOCKS = YES;
				GCC_WARN_64_TO_32_BIT_CONVERSION = YES;
				GCC_WARN_ABOUT_RETURN_TYPE = YES_ERROR;
				GCC_WARN_UNDECLARED_SELECTOR = YES;
				GCC_WARN_UNINITIALIZED_AUTOS = YES_AGGRESSIVE;
				GCC_WARN_UNUSED_FUNCTION = YES;
				GCC_WARN_UNUSED_VARIABLE = YES;
				IPHONEOS_DEPLOYMENT_TARGET = 13.2;
				MTL_ENABLE_DEBUG_INFO = NO;
				MTL_FAST_MATH = YES;
				SDKROOT = iphoneos;
				SWIFT_COMPILATION_MODE = wholemodule;
				SWIFT_OPTIMIZATION_LEVEL = "-O";
				VALIDATE_PRODUCT = YES;
			};
			name = Release;
		};
		7FAB117823FABBB90075FD58 /* Debug */ = {
			isa = XCBuildConfiguration;
			buildSettings = {
				ASSETCATALOG_COMPILER_APPICON_NAME = AppIcon;
				CODE_SIGN_STYLE = Automatic;
				DEVELOPMENT_TEAM = K6FA22KGKX;
				INFOPLIST_FILE = QiitaCommunication/Info.plist;
				LD_RUNPATH_SEARCH_PATHS = (
					"$(inherited)",
					"@executable_path/Frameworks",
				);
				PRODUCT_BUNDLE_IDENTIFIER = com.withios.QiitaCommunication;
				PRODUCT_NAME = "$(TARGET_NAME)";
				SWIFT_VERSION = 5.0;
				TARGETED_DEVICE_FAMILY = 1;
			};
			name = Debug;
		};
		7FAB117923FABBB90075FD58 /* Release */ = {
			isa = XCBuildConfiguration;
			buildSettings = {
				ASSETCATALOG_COMPILER_APPICON_NAME = AppIcon;
				CODE_SIGN_STYLE = Automatic;
				DEVELOPMENT_TEAM = K6FA22KGKX;
				INFOPLIST_FILE = QiitaCommunication/Info.plist;
				LD_RUNPATH_SEARCH_PATHS = (
					"$(inherited)",
					"@executable_path/Frameworks",
				);
				PRODUCT_BUNDLE_IDENTIFIER = com.withios.QiitaCommunication;
				PRODUCT_NAME = "$(TARGET_NAME)";
				SWIFT_VERSION = 5.0;
				TARGETED_DEVICE_FAMILY = 1;
			};
			name = Release;
		};
/* End XCBuildConfiguration section */

/* Begin XCConfigurationList section */
		7FAB115E23FABBB70075FD58 /* Build configuration list for PBXProject "QiitaCommunication" */ = {
			isa = XCConfigurationList;
			buildConfigurations = (
				7FAB117523FABBB90075FD58 /* Debug */,
				7FAB117623FABBB90075FD58 /* Release */,
			);
			defaultConfigurationIsVisible = 0;
			defaultConfigurationName = Release;
		};
		7FAB117723FABBB90075FD58 /* Build configuration list for PBXNativeTarget "QiitaCommunication" */ = {
			isa = XCConfigurationList;
			buildConfigurations = (
				7FAB117823FABBB90075FD58 /* Debug */,
				7FAB117923FABBB90075FD58 /* Release */,
			);
			defaultConfigurationIsVisible = 0;
			defaultConfigurationName = Release;
		};
/* End XCConfigurationList section */
	};
	rootObject = 7FAB115B23FABBB70075FD58 /* Project object */;
}
